// !$*UTF8*$!
{
	archiveVersion = 1;
	classes = {
	};
	objectVersion = 50;
	objects = {

/* Begin PBXBuildFile section */
		B01C997E208EC6FC00C70712 /* vue in Resources */ = {isa = PBXBuildFile; fileRef = B01C997D208EC6FC00C70712 /* vue */; };
		B0765409208C589000568E32 /* AppDelegate.swift in Sources */ = {isa = PBXBuildFile; fileRef = B0765408208C589000568E32 /* AppDelegate.swift */; };
		B076540B208C589000568E32 /* ViewController.swift in Sources */ = {isa = PBXBuildFile; fileRef = B076540A208C589000568E32 /* ViewController.swift */; };
		B076540E208C589000568E32 /* Main.storyboard in Resources */ = {isa = PBXBuildFile; fileRef = B076540C208C589000568E32 /* Main.storyboard */; };
		B0765410208C589200568E32 /* Assets.xcassets in Resources */ = {isa = PBXBuildFile; fileRef = B076540F208C589200568E32 /* Assets.xcassets */; };
		B0765413208C589200568E32 /* LaunchScreen.storyboard in Resources */ = {isa = PBXBuildFile; fileRef = B0765411208C589200568E32 /* LaunchScreen.storyboard */; };
		B076541E208C589200568E32 /* vue_iosTests.swift in Sources */ = {isa = PBXBuildFile; fileRef = B076541D208C589200568E32 /* vue_iosTests.swift */; };
		B0765429208C589200568E32 /* vue_iosUITests.swift in Sources */ = {isa = PBXBuildFile; fileRef = B0765428208C589200568E32 /* vue_iosUITests.swift */; };
/* End PBXBuildFile section */

/* Begin PBXContainerItemProxy section */
		B076541A208C589200568E32 /* PBXContainerItemProxy */ = {
			isa = PBXContainerItemProxy;
			containerPortal = B07653FD208C589000568E32 /* Project object */;
			proxyType = 1;
			remoteGlobalIDString = B0765404208C589000568E32;
			remoteInfo = "vue-ios";
		};
		B0765425208C589200568E32 /* PBXContainerItemProxy */ = {
			isa = PBXContainerItemProxy;
			containerPortal = B07653FD208C589000568E32 /* Project object */;
			proxyType = 1;
			remoteGlobalIDString = B0765404208C589000568E32;
			remoteInfo = "vue-ios";
		};
/* End PBXContainerItemProxy section */

/* Begin PBXFileReference section */
		B01C997D208EC6FC00C70712 /* vue */ = {isa = PBXFileReference; lastKnownFileType = folder; path = vue; sourceTree = "<group>"; };
		B0765405208C589000568E32 /* vue-ios.app */ = {isa = PBXFileReference; explicitFileType = wrapper.application; includeInIndex = 0; path = "vue-ios.app"; sourceTree = BUILT_PRODUCTS_DIR; };
		B0765408208C589000568E32 /* AppDelegate.swift */ = {isa = PBXFileReference; lastKnownFileType = sourcecode.swift; path = AppDelegate.swift; sourceTree = "<group>"; };
		B076540A208C589000568E32 /* ViewController.swift */ = {isa = PBXFileReference; lastKnownFileType = sourcecode.swift; path = ViewController.swift; sourceTree = "<group>"; };
		B076540D208C589000568E32 /* Base */ = {isa = PBXFileReference; lastKnownFileType = file.storyboard; name = Base; path = Base.lproj/Main.storyboard; sourceTree = "<group>"; };
		B076540F208C589200568E32 /* Assets.xcassets */ = {isa = PBXFileReference; lastKnownFileType = folder.assetcatalog; path = Assets.xcassets; sourceTree = "<group>"; };
		B0765412208C589200568E32 /* Base */ = {isa = PBXFileReference; lastKnownFileType = file.storyboard; name = Base; path = Base.lproj/LaunchScreen.storyboard; sourceTree = "<group>"; };
		B0765414208C589200568E32 /* Info.plist */ = {isa = PBXFileReference; lastKnownFileType = text.plist.xml; path = Info.plist; sourceTree = "<group>"; };
		B0765419208C589200568E32 /* vue-iosTests.xctest */ = {isa = PBXFileReference; explicitFileType = wrapper.cfbundle; includeInIndex = 0; path = "vue-iosTests.xctest"; sourceTree = BUILT_PRODUCTS_DIR; };
		B076541D208C589200568E32 /* vue_iosTests.swift */ = {isa = PBXFileReference; lastKnownFileType = sourcecode.swift; path = vue_iosTests.swift; sourceTree = "<group>"; };
		B076541F208C589200568E32 /* Info.plist */ = {isa = PBXFileReference; lastKnownFileType = text.plist.xml; path = Info.plist; sourceTree = "<group>"; };
		B0765424208C589200568E32 /* vue-iosUITests.xctest */ = {isa = PBXFileReference; explicitFileType = wrapper.cfbundle; includeInIndex = 0; path = "vue-iosUITests.xctest"; sourceTree = BUILT_PRODUCTS_DIR; };
		B0765428208C589200568E32 /* vue_iosUITests.swift */ = {isa = PBXFileReference; lastKnownFileType = sourcecode.swift; path = vue_iosUITests.swift; sourceTree = "<group>"; };
		B076542A208C589200568E32 /* Info.plist */ = {isa = PBXFileReference; lastKnownFileType = text.plist.xml; path = Info.plist; sourceTree = "<group>"; };
/* End PBXFileReference section */

/* Begin PBXFrameworksBuildPhase section */
		B0765402208C589000568E32 /* Frameworks */ = {
			isa = PBXFrameworksBuildPhase;
			buildActionMask = 2147483647;
			files = (
			);
			runOnlyForDeploymentPostprocessing = 0;
		};
		B0765416208C589200568E32 /* Frameworks */ = {
			isa = PBXFrameworksBuildPhase;
			buildActionMask = 2147483647;
			files = (
			);
			runOnlyForDeploymentPostprocessing = 0;
		};
		B0765421208C589200568E32 /* Frameworks */ = {
			isa = PBXFrameworksBuildPhase;
			buildActionMask = 2147483647;
			files = (
			);
			runOnlyForDeploymentPostprocessing = 0;
		};
/* End PBXFrameworksBuildPhase section */

/* Begin PBXGroup section */
		B01C997C208EC6AC00C70712 /* Resource */ = {
			isa = PBXGroup;
			children = (
				B01C997D208EC6FC00C70712 /* vue */,
			);
			path = Resource;
			sourceTree = "<group>";
		};
		B07653FC208C589000568E32 = {
			isa = PBXGroup;
			children = (
				B0765407208C589000568E32 /* vue-ios */,
				B076541C208C589200568E32 /* vue-iosTests */,
				B0765427208C589200568E32 /* vue-iosUITests */,
				B0765406208C589000568E32 /* Products */,
			);
			sourceTree = "<group>";
		};
		B0765406208C589000568E32 /* Products */ = {
			isa = PBXGroup;
			children = (
				B0765405208C589000568E32 /* vue-ios.app */,
				B0765419208C589200568E32 /* vue-iosTests.xctest */,
				B0765424208C589200568E32 /* vue-iosUITests.xctest */,
			);
			name = Products;
			sourceTree = "<group>";
		};
		B0765407208C589000568E32 /* vue-ios */ = {
			isa = PBXGroup;
			children = (
				B01C997C208EC6AC00C70712 /* Resource */,
				B0765408208C589000568E32 /* AppDelegate.swift */,
				B076540A208C589000568E32 /* ViewController.swift */,
				B076540C208C589000568E32 /* Main.storyboard */,
				B076540F208C589200568E32 /* Assets.xcassets */,
				B0765411208C589200568E32 /* LaunchScreen.storyboard */,
				B0765414208C589200568E32 /* Info.plist */,
			);
			path = "vue-ios";
			sourceTree = "<group>";
		};
		B076541C208C589200568E32 /* vue-iosTests */ = {
			isa = PBXGroup;
			children = (
				B076541D208C589200568E32 /* vue_iosTests.swift */,
				B076541F208C589200568E32 /* Info.plist */,
			);
			path = "vue-iosTests";
			sourceTree = "<group>";
		};
		B0765427208C589200568E32 /* vue-iosUITests */ = {
			isa = PBXGroup;
			children = (
				B0765428208C589200568E32 /* vue_iosUITests.swift */,
				B076542A208C589200568E32 /* Info.plist */,
			);
			path = "vue-iosUITests";
			sourceTree = "<group>";
		};
/* End PBXGroup section */

/* Begin PBXNativeTarget section */
		B0765404208C589000568E32 /* vue-ios */ = {
			isa = PBXNativeTarget;
			buildConfigurationList = B076542D208C589200568E32 /* Build configuration list for PBXNativeTarget "vue-ios" */;
			buildPhases = (
				B0765401208C589000568E32 /* Sources */,
				B0765402208C589000568E32 /* Frameworks */,
				B0765403208C589000568E32 /* Resources */,
			);
			buildRules = (
			);
			dependencies = (
			);
			name = "vue-ios";
			productName = "vue-ios";
			productReference = B0765405208C589000568E32 /* vue-ios.app */;
			productType = "com.apple.product-type.application";
		};
		B0765418208C589200568E32 /* vue-iosTests */ = {
			isa = PBXNativeTarget;
			buildConfigurationList = B0765430208C589200568E32 /* Build configuration list for PBXNativeTarget "vue-iosTests" */;
			buildPhases = (
				B0765415208C589200568E32 /* Sources */,
				B0765416208C589200568E32 /* Frameworks */,
				B0765417208C589200568E32 /* Resources */,
			);
			buildRules = (
			);
			dependencies = (
				B076541B208C589200568E32 /* PBXTargetDependency */,
			);
			name = "vue-iosTests";
			productName = "vue-iosTests";
			productReference = B0765419208C589200568E32 /* vue-iosTests.xctest */;
			productType = "com.apple.product-type.bundle.unit-test";
		};
		B0765423208C589200568E32 /* vue-iosUITests */ = {
			isa = PBXNativeTarget;
			buildConfigurationList = B0765433208C589200568E32 /* Build configuration list for PBXNativeTarget "vue-iosUITests" */;
			buildPhases = (
				B0765420208C589200568E32 /* Sources */,
				B0765421208C589200568E32 /* Frameworks */,
				B0765422208C589200568E32 /* Resources */,
			);
			buildRules = (
			);
			dependencies = (
				B0765426208C589200568E32 /* PBXTargetDependency */,
			);
			name = "vue-iosUITests";
			productName = "vue-iosUITests";
			productReference = B0765424208C589200568E32 /* vue-iosUITests.xctest */;
			productType = "com.apple.product-type.bundle.ui-testing";
		};
/* End PBXNativeTarget section */

/* Begin PBXProject section */
		B07653FD208C589000568E32 /* Project object */ = {
			isa = PBXProject;
			attributes = {
				LastSwiftUpdateCheck = 0930;
				LastUpgradeCheck = 0930;
				ORGANIZATIONNAME = "johan liu";
				TargetAttributes = {
					B0765404208C589000568E32 = {
						CreatedOnToolsVersion = 9.3;
					};
					B0765418208C589200568E32 = {
						CreatedOnToolsVersion = 9.3;
						TestTargetID = B0765404208C589000568E32;
					};
					B0765423208C589200568E32 = {
						CreatedOnToolsVersion = 9.3;
						TestTargetID = B0765404208C589000568E32;
					};
				};
			};
			buildConfigurationList = B0765400208C589000568E32 /* Build configuration list for PBXProject "vue-ios" */;
			compatibilityVersion = "Xcode 9.3";
			developmentRegion = en;
			hasScannedForEncodings = 0;
			knownRegions = (
				en,
				Base,
			);
			mainGroup = B07653FC208C589000568E32;
			productRefGroup = B0765406208C589000568E32 /* Products */;
			projectDirPath = "";
			projectRoot = "";
			targets = (
				B0765404208C589000568E32 /* vue-ios */,
				B0765418208C589200568E32 /* vue-iosTests */,
				B0765423208C589200568E32 /* vue-iosUITests */,
			);
		};
/* End PBXProject section */

/* Begin PBXResourcesBuildPhase section */
		B0765403208C589000568E32 /* Resources */ = {
			isa = PBXResourcesBuildPhase;
			buildActionMask = 2147483647;
			files = (
				B0765413208C589200568E32 /* LaunchScreen.storyboard in Resources */,
				B0765410208C589200568E32 /* Assets.xcassets in Resources */,
				B076540E208C589000568E32 /* Main.storyboard in Resources */,
				B01C997E208EC6FC00C70712 /* vue in Resources */,
			);
			runOnlyForDeploymentPostprocessing = 0;
		};
		B0765417208C589200568E32 /* Resources */ = {
			isa = PBXResourcesBuildPhase;
			buildActionMask = 2147483647;
			files = (
			);
			runOnlyForDeploymentPostprocessing = 0;
		};
		B0765422208C589200568E32 /* Resources */ = {
			isa = PBXResourcesBuildPhase;
			buildActionMask = 2147483647;
			files = (
			);
			runOnlyForDeploymentPostprocessing = 0;
		};
/* End PBXResourcesBuildPhase section */

/* Begin PBXSourcesBuildPhase section */
		B0765401208C589000568E32 /* Sources */ = {
			isa = PBXSourcesBuildPhase;
			buildActionMask = 2147483647;
			files = (
				B076540B208C589000568E32 /* ViewController.swift in Sources */,
				B0765409208C589000568E32 /* AppDelegate.swift in Sources */,
			);
			runOnlyForDeploymentPostprocessing = 0;
		};
		B0765415208C589200568E32 /* Sources */ = {
			isa = PBXSourcesBuildPhase;
			buildActionMask = 2147483647;
			files = (
				B076541E208C589200568E32 /* vue_iosTests.swift in Sources */,
			);
			runOnlyForDeploymentPostprocessing = 0;
		};
		B0765420208C589200568E32 /* Sources */ = {
			isa = PBXSourcesBuildPhase;
			buildActionMask = 2147483647;
			files = (
				B0765429208C589200568E32 /* vue_iosUITests.swift in Sources */,
			);
			runOnlyForDeploymentPostprocessing = 0;
		};
/* End PBXSourcesBuildPhase section */

/* Begin PBXTargetDependency section */
		B076541B208C589200568E32 /* PBXTargetDependency */ = {
			isa = PBXTargetDependency;
			target = B0765404208C589000568E32 /* vue-ios */;
			targetProxy = B076541A208C589200568E32 /* PBXContainerItemProxy */;
		};
		B0765426208C589200568E32 /* PBXTargetDependency */ = {
			isa = PBXTargetDependency;
			target = B0765404208C589000568E32 /* vue-ios */;
			targetProxy = B0765425208C589200568E32 /* PBXContainerItemProxy */;
		};
/* End PBXTargetDependency section */

/* Begin PBXVariantGroup section */
		B076540C208C589000568E32 /* Main.storyboard */ = {
			isa = PBXVariantGroup;
			children = (
				B076540D208C589000568E32 /* Base */,
			);
			name = Main.storyboard;
			sourceTree = "<group>";
		};
		B0765411208C589200568E32 /* LaunchScreen.storyboard */ = {
			isa = PBXVariantGroup;
			children = (
				B0765412208C589200568E32 /* Base */,
			);
			name = LaunchScreen.storyboard;
			sourceTree = "<group>";
		};
/* End PBXVariantGroup section */

/* Begin XCBuildConfiguration section */
		B076542B208C589200568E32 /* Debug */ = {
			isa = XCBuildConfiguration;
			buildSettings = {
				ALWAYS_SEARCH_USER_PATHS = NO;
				CLANG_ANALYZER_NONNULL = YES;
				CLANG_ANALYZER_NUMBER_OBJECT_CONVERSION = YES_AGGRESSIVE;
				CLANG_CXX_LANGUAGE_STANDARD = "gnu++14";
				CLANG_CXX_LIBRARY = "libc++";
				CLANG_ENABLE_MODULES = YES;
				CLANG_ENABLE_OBJC_ARC = YES;
				CLANG_ENABLE_OBJC_WEAK = YES;
				CLANG_WARN_BLOCK_CAPTURE_AUTORELEASING = YES;
				CLANG_WARN_BOOL_CONVERSION = YES;
				CLANG_WARN_COMMA = YES;
				CLANG_WARN_CONSTANT_CONVERSION = YES;
				CLANG_WARN_DEPRECATED_OBJC_IMPLEMENTATIONS = YES;
				CLANG_WARN_DIRECT_OBJC_ISA_USAGE = YES_ERROR;
				CLANG_WARN_DOCUMENTATION_COMMENTS = YES;
				CLANG_WARN_EMPTY_BODY = YES;
				CLANG_WARN_ENUM_CONVERSION = YES;
				CLANG_WARN_INFINITE_RECURSION = YES;
				CLANG_WARN_INT_CONVERSION = YES;
				CLANG_WARN_NON_LITERAL_NULL_CONVERSION = YES;
				CLANG_WARN_OBJC_IMPLICIT_RETAIN_SELF = YES;
				CLANG_WARN_OBJC_LITERAL_CONVERSION = YES;
				CLANG_WARN_OBJC_ROOT_CLASS = YES_ERROR;
				CLANG_WARN_RANGE_LOOP_ANALYSIS = YES;
				CLANG_WARN_STRICT_PROTOTYPES = YES;
				CLANG_WARN_SUSPICIOUS_MOVE = YES;
				CLANG_WARN_UNGUARDED_AVAILABILITY = YES_AGGRESSIVE;
				CLANG_WARN_UNREACHABLE_CODE = YES;
				CLANG_WARN__DUPLICATE_METHOD_MATCH = YES;
				CODE_SIGN_IDENTITY = "iPhone Developer";
				COPY_PHASE_STRIP = NO;
				DEBUG_INFORMATION_FORMAT = dwarf;
				ENABLE_STRICT_OBJC_MSGSEND = YES;
				ENABLE_TESTABILITY = YES;
				GCC_C_LANGUAGE_STANDARD = gnu11;
				GCC_DYNAMIC_NO_PIC = NO;
				GCC_NO_COMMON_BLOCKS = YES;
				GCC_OPTIMIZATION_LEVEL = 0;
				GCC_PREPROCESSOR_DEFINITIONS = (
					"DEBUG=1",
					"$(inherited)",
				);
				GCC_WARN_64_TO_32_BIT_CONVERSION = YES;
				GCC_WARN_ABOUT_RETURN_TYPE = YES_ERROR;
				GCC_WARN_UNDECLARED_SELECTOR = YES;
				GCC_WARN_UNINITIALIZED_AUTOS = YES_AGGRESSIVE;
				GCC_WARN_UNUSED_FUNCTION = YES;
				GCC_WARN_UNUSED_VARIABLE = YES;
				IPHONEOS_DEPLOYMENT_TARGET = 11.3;
				MTL_ENABLE_DEBUG_INFO = YES;
				ONLY_ACTIVE_ARCH = YES;
				SDKROOT = iphoneos;
				SWIFT_ACTIVE_COMPILATION_CONDITIONS = DEBUG;
				SWIFT_OPTIMIZATION_LEVEL = "-Onone";
			};
			name = Debug;
		};
		B076542C208C589200568E32 /* Release */ = {
			isa = XCBuildConfiguration;
			buildSettings = {
				ALWAYS_SEARCH_USER_PATHS = NO;
				CLANG_ANALYZER_NONNULL = YES;
				CLANG_ANALYZER_NUMBER_OBJECT_CONVERSION = YES_AGGRESSIVE;
				CLANG_CXX_LANGUAGE_STANDARD = "gnu++14";
				CLANG_CXX_LIBRARY = "libc++";
				CLANG_ENABLE_MODULES = YES;
				CLANG_ENABLE_OBJC_ARC = YES;
				CLANG_ENABLE_OBJC_WEAK = YES;
				CLANG_WARN_BLOCK_CAPTURE_AUTORELEASING = YES;
				CLANG_WARN_BOOL_CONVERSION = YES;
				CLANG_WARN_COMMA = YES;
				CLANG_WARN_CONSTANT_CONVERSION = YES;
				CLANG_WARN_DEPRECATED_OBJC_IMPLEMENTATIONS = YES;
				CLANG_WARN_DIRECT_OBJC_ISA_USAGE = YES_ERROR;
				CLANG_WARN_DOCUMENTATION_COMMENTS = YES;
				CLANG_WARN_EMPTY_BODY = YES;
				CLANG_WARN_ENUM_CONVERSION = YES;
				CLANG_WARN_INFINITE_RECURSION = YES;
				CLANG_WARN_INT_CONVERSION = YES;
				CLANG_WARN_NON_LITERAL_NULL_CONVERSION = YES;
				CLANG_WARN_OBJC_IMPLICIT_RETAIN_SELF = YES;
				CLANG_WARN_OBJC_LITERAL_CONVERSION = YES;
				CLANG_WARN_OBJC_ROOT_CLASS = YES_ERROR;
				CLANG_WARN_RANGE_LOOP_ANALYSIS = YES;
				CLANG_WARN_STRICT_PROTOTYPES = YES;
				CLANG_WARN_SUSPICIOUS_MOVE = YES;
				CLANG_WARN_UNGUARDED_AVAILABILITY = YES_AGGRESSIVE;
				CLANG_WARN_UNREACHABLE_CODE = YES;
				CLANG_WARN__DUPLICATE_METHOD_MATCH = YES;
				CODE_SIGN_IDENTITY = "iPhone Developer";
				COPY_PHASE_STRIP = NO;
				DEBUG_INFORMATION_FORMAT = "dwarf-with-dsym";
				ENABLE_NS_ASSERTIONS = NO;
				ENABLE_STRICT_OBJC_MSGSEND = YES;
				GCC_C_LANGUAGE_STANDARD = gnu11;
				GCC_NO_COMMON_BLOCKS = YES;
				GCC_WARN_64_TO_32_BIT_CONVERSION = YES;
				GCC_WARN_ABOUT_RETURN_TYPE = YES_ERROR;
				GCC_WARN_UNDECLARED_SELECTOR = YES;
				GCC_WARN_UNINITIALIZED_AUTOS = YES_AGGRESSIVE;
				GCC_WARN_UNUSED_FUNCTION = YES;
				GCC_WARN_UNUSED_VARIABLE = YES;
				IPHONEOS_DEPLOYMENT_TARGET = 11.3;
				MTL_ENABLE_DEBUG_INFO = NO;
				SDKROOT = iphoneos;
				SWIFT_COMPILATION_MODE = wholemodule;
				SWIFT_OPTIMIZATION_LEVEL = "-O";
				VALIDATE_PRODUCT = YES;
			};
			name = Release;
		};
		B076542E208C589200568E32 /* Debug */ = {
			isa = XCBuildConfiguration;
			buildSettings = {
				ASSETCATALOG_COMPILER_APPICON_NAME = AppIcon;
				CODE_SIGN_STYLE = Automatic;
				DEVELOPMENT_TEAM = UZ5MSW7K7W;
				INFOPLIST_FILE = "vue-ios/Info.plist";
				LD_RUNPATH_SEARCH_PATHS = (
					"$(inherited)",
					"@executable_path/Frameworks",
				);
				PRODUCT_BUNDLE_IDENTIFIER = "com.nannan.vue-ios";
				PRODUCT_NAME = "$(TARGET_NAME)";
				SWIFT_VERSION = 4.0;
				TARGETED_DEVICE_FAMILY = "1,2";
			};
			name = Debug;
		};
		B076542F208C589200568E32 /* Release */ = {
			isa = XCBuildConfiguration;
			buildSettings = {
				ASSETCATALOG_COMPILER_APPICON_NAME = AppIcon;
				CODE_SIGN_STYLE = Automatic;
				DEVELOPMENT_TEAM = UZ5MSW7K7W;
				INFOPLIST_FILE = "vue-ios/Info.plist";
				LD_RUNPATH_SEARCH_PATHS = (
					"$(inherited)",
					"@executable_path/Frameworks",
				);
				PRODUCT_BUNDLE_IDENTIFIER = "com.nannan.vue-ios";
				PRODUCT_NAME = "$(TARGET_NAME)";
				SWIFT_VERSION = 4.0;
				TARGETED_DEVICE_FAMILY = "1,2";
			};
			name = Release;
		};
		B0765431208C589200568E32 /* Debug */ = {
			isa = XCBuildConfiguration;
			buildSettings = {
				ALWAYS_EMBED_SWIFT_STANDARD_LIBRARIES = YES;
				BUNDLE_LOADER = "$(TEST_HOST)";
				CODE_SIGN_STYLE = Automatic;
				DEVELOPMENT_TEAM = UZ5MSW7K7W;
				INFOPLIST_FILE = "vue-iosTests/Info.plist";
				LD_RUNPATH_SEARCH_PATHS = (
					"$(inherited)",
					"@executable_path/Frameworks",
					"@loader_path/Frameworks",
				);
				PRODUCT_BUNDLE_IDENTIFIER = "com.nannan.vue-iosTests";
				PRODUCT_NAME = "$(TARGET_NAME)";
				SWIFT_VERSION = 4.0;
				TARGETED_DEVICE_FAMILY = "1,2";
				TEST_HOST = "$(BUILT_PRODUCTS_DIR)/vue-ios.app/vue-ios";
			};
			name = Debug;
		};
		B0765432208C589200568E32 /* Release */ = {
			isa = XCBuildConfiguration;
			buildSettings = {
				ALWAYS_EMBED_SWIFT_STANDARD_LIBRARIES = YES;
				BUNDLE_LOADER = "$(TEST_HOST)";
				CODE_SIGN_STYLE = Automatic;
				DEVELOPMENT_TEAM = UZ5MSW7K7W;
				INFOPLIST_FILE = "vue-iosTests/Info.plist";
				LD_RUNPATH_SEARCH_PATHS = (
					"$(inherited)",
					"@executable_path/Frameworks",
					"@loader_path/Frameworks",
				);
				PRODUCT_BUNDLE_IDENTIFIER = "com.nannan.vue-iosTests";
				PRODUCT_NAME = "$(TARGET_NAME)";
				SWIFT_VERSION = 4.0;
				TARGETED_DEVICE_FAMILY = "1,2";
				TEST_HOST = "$(BUILT_PRODUCTS_DIR)/vue-ios.app/vue-ios";
			};
			name = Release;
		};
		B0765434208C589200568E32 /* Debug */ = {
			isa = XCBuildConfiguration;
			buildSettings = {
				ALWAYS_EMBED_SWIFT_STANDARD_LIBRARIES = YES;
				CODE_SIGN_STYLE = Automatic;
				DEVELOPMENT_TEAM = UZ5MSW7K7W;
				INFOPLIST_FILE = "vue-iosUITests/Info.plist";
				LD_RUNPATH_SEARCH_PATHS = (
					"$(inherited)",
					"@executable_path/Frameworks",
					"@loader_path/Frameworks",
				);
				PRODUCT_BUNDLE_IDENTIFIER = "com.nannan.vue-iosUITests";
				PRODUCT_NAME = "$(TARGET_NAME)";
				SWIFT_VERSION = 4.0;
				TARGETED_DEVICE_FAMILY = "1,2";
				TEST_TARGET_NAME = "vue-ios";
			};
			name = Debug;
		};
		B0765435208C589200568E32 /* Release */ = {
			isa = XCBuildConfiguration;
			buildSettings = {
				ALWAYS_EMBED_SWIFT_STANDARD_LIBRARIES = YES;
				CODE_SIGN_STYLE = Automatic;
				DEVELOPMENT_TEAM = UZ5MSW7K7W;
				INFOPLIST_FILE = "vue-iosUITests/Info.plist";
				LD_RUNPATH_SEARCH_PATHS = (
					"$(inherited)",
					"@executable_path/Frameworks",
					"@loader_path/Frameworks",
				);
				PRODUCT_BUNDLE_IDENTIFIER = "com.nannan.vue-iosUITests";
				PRODUCT_NAME = "$(TARGET_NAME)";
				SWIFT_VERSION = 4.0;
				TARGETED_DEVICE_FAMILY = "1,2";
				TEST_TARGET_NAME = "vue-ios";
			};
			name = Release;
		};
/* End XCBuildConfiguration section */

/* Begin XCConfigurationList section */
		B0765400208C589000568E32 /* Build configuration list for PBXProject "vue-ios" */ = {
			isa = XCConfigurationList;
			buildConfigurations = (
				B076542B208C589200568E32 /* Debug */,
				B076542C208C589200568E32 /* Release */,
			);
			defaultConfigurationIsVisible = 0;
			defaultConfigurationName = Release;
		};
		B076542D208C589200568E32 /* Build configuration list for PBXNativeTarget "vue-ios" */ = {
			isa = XCConfigurationList;
			buildConfigurations = (
				B076542E208C589200568E32 /* Debug */,
				B076542F208C589200568E32 /* Release */,
			);
			defaultConfigurationIsVisible = 0;
			defaultConfigurationName = Release;
		};
		B0765430208C589200568E32 /* Build configuration list for PBXNativeTarget "vue-iosTests" */ = {
			isa = XCConfigurationList;
			buildConfigurations = (
				B0765431208C589200568E32 /* Debug */,
				B0765432208C589200568E32 /* Release */,
			);
			defaultConfigurationIsVisible = 0;
			defaultConfigurationName = Release;
		};
		B0765433208C589200568E32 /* Build configuration list for PBXNativeTarget "vue-iosUITests" */ = {
			isa = XCConfigurationList;
			buildConfigurations = (
				B0765434208C589200568E32 /* Debug */,
				B0765435208C589200568E32 /* Release */,
			);
			defaultConfigurationIsVisible = 0;
			defaultConfigurationName = Release;
		};
/* End XCConfigurationList section */
	};
	rootObject = B07653FD208C589000568E32 /* Project object */;
}
